Microsoft Visual Studio Solution File, Format Version 12.00
# Visual Studio Version 17
VisualStudioVersion = 17.5.2.0
MinimumVisualStudioVersion = 10.0.40219.1
Project("{FAE04EC0-301F-11D3-BF4B-00C04F79EFBC}") = "Dataset2Sql", "Dataset2Sql.csproj", "{9C07C44B-6863-A711-92CD-7F526F3BC3B4}"
EndProject
Global
	GlobalSection(SolutionConfigurationPlatforms) = preSolution
		Debug|Any CPU = Debug|Any CPU
		Release|Any CPU = Release|Any CPU
	EndGlobalSection
	GlobalSection(ProjectConfigurationPlatforms) = postSolution
		{9C07C44B-6863-A711-92CD-7F526F3BC3B4}.Debug|Any CPU.ActiveCfg = Debug|Any CPU
		{9C07C44B-6863-A711-92CD-7F526F3BC3B4}.Debug|Any CPU.Build.0 = Debug|Any CPU
		{9C07C44B-6863-A711-92CD-7F526F3BC3B4}.Release|Any CPU.ActiveCfg = Release|Any CPU
		{9C07C44B-6863-A711-92CD-7F526F3BC3B4}.Release|Any CPU.Build.0 = Release|Any CPU
	EndGlobalSection
	GlobalSection(SolutionProperties) = preSolution
		HideSolutionNode = FALSE
	EndGlobalSection
	GlobalSection(ExtensibilityGlobals) = postSolution
		SolutionGuid = {9BC73D88-2098-47FA-98BF-5F371E6BFB0E}
	EndGlobalSection
EndGlobal
